// !$*UTF8*$!
{
	archiveVersion = 1;
	classes = {
	};
	objectVersion = 50;
	objects = {

/* Begin PBXBuildFile section */
		6B1983EB2354BB5F007E2FDC /* AppDelegate.swift in Sources */ = {isa = PBXBuildFile; fileRef = 6B1983EA2354BB5F007E2FDC /* AppDelegate.swift */; };
		6B1983F22354BB60007E2FDC /* Assets.xcassets in Resources */ = {isa = PBXBuildFile; fileRef = 6B1983F12354BB60007E2FDC /* Assets.xcassets */; };
		6B3BC8F72354EBCA00490A3E /* AddPersonButton.swift in Sources */ = {isa = PBXBuildFile; fileRef = 6B3BC8F62354EBCA00490A3E /* AddPersonButton.swift */; };
		6B5A874B23550584007E41F3 /* ListViewController.swift in Sources */ = {isa = PBXBuildFile; fileRef = 6B5A874923550584007E41F3 /* ListViewController.swift */; };
		6B5A874C23550584007E41F3 /* ListViewController.xib in Resources */ = {isa = PBXBuildFile; fileRef = 6B5A874A23550584007E41F3 /* ListViewController.xib */; };
		6B78F2322354BEF700401CC9 /* StartViewController.xib in Resources */ = {isa = PBXBuildFile; fileRef = 6B78F2302354BEF700401CC9 /* StartViewController.xib */; };
		6B78F2332354BEF700401CC9 /* StartViewController.swift in Sources */ = {isa = PBXBuildFile; fileRef = 6B78F2312354BEF700401CC9 /* StartViewController.swift */; };
		6B78F23F2354BF5100401CC9 /* UIViewController+extensions.swift in Sources */ = {isa = PBXBuildFile; fileRef = 6B78F2392354BF5100401CC9 /* UIViewController+extensions.swift */; };
		6B78F2402354BF5100401CC9 /* UIView+extensions.swift in Sources */ = {isa = PBXBuildFile; fileRef = 6B78F23A2354BF5100401CC9 /* UIView+extensions.swift */; };
		6B78F2412354BF5100401CC9 /* CollectionView+extensions.swift in Sources */ = {isa = PBXBuildFile; fileRef = 6B78F23B2354BF5100401CC9 /* CollectionView+extensions.swift */; };
		6B78F2422354BF5100401CC9 /* UITableView+extensions.swift in Sources */ = {isa = PBXBuildFile; fileRef = 6B78F23C2354BF5100401CC9 /* UITableView+extensions.swift */; };
		6B78F2452354BFD200401CC9 /* LaunchScreen.storyboard in Resources */ = {isa = PBXBuildFile; fileRef = 6B78F2442354BFD200401CC9 /* LaunchScreen.storyboard */; };
		6B78F2472354CA5A00401CC9 /* Colors.xcassets in Resources */ = {isa = PBXBuildFile; fileRef = 6B78F2462354CA5A00401CC9 /* Colors.xcassets */; };
		6B78F2492354CD1B00401CC9 /* Colors.swift in Sources */ = {isa = PBXBuildFile; fileRef = 6B78F2482354CD1B00401CC9 /* Colors.swift */; };
		6BDF526E235633B90088DA32 /* PolygonCell.swift in Sources */ = {isa = PBXBuildFile; fileRef = 6BDF526C235633B90088DA32 /* PolygonCell.swift */; };
		6BDF526F235633B90088DA32 /* PolygonCell.xib in Resources */ = {isa = PBXBuildFile; fileRef = 6BDF526D235633B90088DA32 /* PolygonCell.xib */; };
/* End PBXBuildFile section */

/* Begin PBXFileReference section */
		6B1983E72354BB5F007E2FDC /* Polygons.app */ = {isa = PBXFileReference; explicitFileType = wrapper.application; includeInIndex = 0; path = Polygons.app; sourceTree = BUILT_PRODUCTS_DIR; };
		6B1983EA2354BB5F007E2FDC /* AppDelegate.swift */ = {isa = PBXFileReference; lastKnownFileType = sourcecode.swift; path = AppDelegate.swift; sourceTree = "<group>"; };
		6B1983F12354BB60007E2FDC /* Assets.xcassets */ = {isa = PBXFileReference; lastKnownFileType = folder.assetcatalog; path = Assets.xcassets; sourceTree = "<group>"; };
		6B1983F62354BB60007E2FDC /* Info.plist */ = {isa = PBXFileReference; lastKnownFileType = text.plist.xml; path = Info.plist; sourceTree = "<group>"; };
		6B3BC8F62354EBCA00490A3E /* AddPersonButton.swift */ = {isa = PBXFileReference; lastKnownFileType = sourcecode.swift; path = AddPersonButton.swift; sourceTree = "<group>"; };
		6B5A874923550584007E41F3 /* ListViewController.swift */ = {isa = PBXFileReference; lastKnownFileType = sourcecode.swift; path = ListViewController.swift; sourceTree = "<group>"; };
		6B5A874A23550584007E41F3 /* ListViewController.xib */ = {isa = PBXFileReference; lastKnownFileType = file.xib; path = ListViewController.xib; sourceTree = "<group>"; };
		6B78F2302354BEF700401CC9 /* StartViewController.xib */ = {isa = PBXFileReference; fileEncoding = 4; lastKnownFileType = file.xib; path = StartViewController.xib; sourceTree = "<group>"; };
		6B78F2312354BEF700401CC9 /* StartViewController.swift */ = {isa = PBXFileReference; fileEncoding = 4; lastKnownFileType = sourcecode.swift; path = StartViewController.swift; sourceTree = "<group>"; };
		6B78F2392354BF5100401CC9 /* UIViewController+extensions.swift */ = {isa = PBXFileReference; fileEncoding = 4; lastKnownFileType = sourcecode.swift; path = "UIViewController+extensions.swift"; sourceTree = "<group>"; };
		6B78F23A2354BF5100401CC9 /* UIView+extensions.swift */ = {isa = PBXFileReference; fileEncoding = 4; lastKnownFileType = sourcecode.swift; path = "UIView+extensions.swift"; sourceTree = "<group>"; };
		6B78F23B2354BF5100401CC9 /* CollectionView+extensions.swift */ = {isa = PBXFileReference; fileEncoding = 4; lastKnownFileType = sourcecode.swift; path = "CollectionView+extensions.swift"; sourceTree = "<group>"; };
		6B78F23C2354BF5100401CC9 /* UITableView+extensions.swift */ = {isa = PBXFileReference; fileEncoding = 4; lastKnownFileType = sourcecode.swift; path = "UITableView+extensions.swift"; sourceTree = "<group>"; };
		6B78F2442354BFD200401CC9 /* LaunchScreen.storyboard */ = {isa = PBXFileReference; fileEncoding = 4; lastKnownFileType = file.storyboard; path = LaunchScreen.storyboard; sourceTree = "<group>"; };
		6B78F2462354CA5A00401CC9 /* Colors.xcassets */ = {isa = PBXFileReference; lastKnownFileType = folder.assetcatalog; path = Colors.xcassets; sourceTree = "<group>"; };
		6B78F2482354CD1B00401CC9 /* Colors.swift */ = {isa = PBXFileReference; lastKnownFileType = sourcecode.swift; path = Colors.swift; sourceTree = "<group>"; };
		6BDF526C235633B90088DA32 /* PolygonCell.swift */ = {isa = PBXFileReference; lastKnownFileType = sourcecode.swift; path = PolygonCell.swift; sourceTree = "<group>"; };
		6BDF526D235633B90088DA32 /* PolygonCell.xib */ = {isa = PBXFileReference; lastKnownFileType = file.xib; path = PolygonCell.xib; sourceTree = "<group>"; };
/* End PBXFileReference section */

/* Begin PBXFrameworksBuildPhase section */
		6B1983E42354BB5F007E2FDC /* Frameworks */ = {
			isa = PBXFrameworksBuildPhase;
			buildActionMask = 2147483647;
			files = (
			);
			runOnlyForDeploymentPostprocessing = 0;
		};
/* End PBXFrameworksBuildPhase section */

/* Begin PBXGroup section */
		6B1983DE2354BB5E007E2FDC = {
			isa = PBXGroup;
			children = (
				6B1983E92354BB5F007E2FDC /* Polygons */,
				6B1983E82354BB5F007E2FDC /* Products */,
			);
			sourceTree = "<group>";
		};
		6B1983E82354BB5F007E2FDC /* Products */ = {
			isa = PBXGroup;
			children = (
				6B1983E72354BB5F007E2FDC /* Polygons.app */,
			);
			name = Products;
			sourceTree = "<group>";
		};
		6B1983E92354BB5F007E2FDC /* Polygons */ = {
			isa = PBXGroup;
			children = (
				6B1983F62354BB60007E2FDC /* Info.plist */,
				6B1983EA2354BB5F007E2FDC /* AppDelegate.swift */,
				6B78F22E2354BEF700401CC9 /* View Controllers */,
				6B78F2362354BF5100401CC9 /* Models */,
				6B78F23E2354BF5100401CC9 /* Protocols */,
				6B78F2342354BF5100401CC9 /* Views */,
				6B78F2352354BF5100401CC9 /* Cells */,
				6B78F23D2354BF5100401CC9 /* Services */,
				6B78F2372354BF5100401CC9 /* Helpers */,
				6B78F2432354BF5B00401CC9 /* Other */,
			);
			path = Polygons;
			sourceTree = "<group>";
		};
		6B3BC8F52354EB2700490A3E /* UIKit Objects */ = {
			isa = PBXGroup;
			children = (
				6B3BC8F62354EBCA00490A3E /* AddPersonButton.swift */,
			);
			path = "UIKit Objects";
			sourceTree = "<group>";
		};
		6B5A87482355056B007E41F3 /* List */ = {
			isa = PBXGroup;
			children = (
				6B5A874A23550584007E41F3 /* ListViewController.xib */,
				6B5A874923550584007E41F3 /* ListViewController.swift */,
			);
			path = List;
			sourceTree = "<group>";
		};
		6B78F22E2354BEF700401CC9 /* View Controllers */ = {
			isa = PBXGroup;
			children = (
				6B78F22F2354BEF700401CC9 /* Start */,
				6B5A87482355056B007E41F3 /* List */,
			);
			path = "View Controllers";
			sourceTree = "<group>";
		};
		6B78F22F2354BEF700401CC9 /* Start */ = {
			isa = PBXGroup;
			children = (
				6B78F2302354BEF700401CC9 /* StartViewController.xib */,
				6B78F2312354BEF700401CC9 /* StartViewController.swift */,
			);
			path = Start;
			sourceTree = "<group>";
		};
		6B78F2342354BF5100401CC9 /* Views */ = {
			isa = PBXGroup;
			children = (
			);
			path = Views;
			sourceTree = "<group>";
		};
		6B78F2352354BF5100401CC9 /* Cells */ = {
			isa = PBXGroup;
			children = (
				6BDF526C235633B90088DA32 /* PolygonCell.swift */,
				6BDF526D235633B90088DA32 /* PolygonCell.xib */,
			);
			path = Cells;
			sourceTree = "<group>";
		};
		6B78F2362354BF5100401CC9 /* Models */ = {
			isa = PBXGroup;
			children = (
			);
			path = Models;
			sourceTree = "<group>";
		};
		6B78F2372354BF5100401CC9 /* Helpers */ = {
			isa = PBXGroup;
			children = (
				6B78F2382354BF5100401CC9 /* Extensions */,
				6B3BC8F52354EB2700490A3E /* UIKit Objects */,
			);
			path = Helpers;
			sourceTree = "<group>";
		};
		6B78F2382354BF5100401CC9 /* Extensions */ = {
			isa = PBXGroup;
			children = (
				6B78F2392354BF5100401CC9 /* UIViewController+extensions.swift */,
				6B78F23A2354BF5100401CC9 /* UIView+extensions.swift */,
				6B78F23B2354BF5100401CC9 /* CollectionView+extensions.swift */,
				6B78F23C2354BF5100401CC9 /* UITableView+extensions.swift */,
			);
			path = Extensions;
			sourceTree = "<group>";
		};
		6B78F23D2354BF5100401CC9 /* Services */ = {
			isa = PBXGroup;
			children = (
			);
			path = Services;
			sourceTree = "<group>";
		};
		6B78F23E2354BF5100401CC9 /* Protocols */ = {
			isa = PBXGroup;
			children = (
			);
			path = Protocols;
			sourceTree = "<group>";
		};
		6B78F2432354BF5B00401CC9 /* Other */ = {
			isa = PBXGroup;
			children = (
				6B1983F12354BB60007E2FDC /* Assets.xcassets */,
				6B78F2462354CA5A00401CC9 /* Colors.xcassets */,
				6B78F2482354CD1B00401CC9 /* Colors.swift */,
				6B78F2442354BFD200401CC9 /* LaunchScreen.storyboard */,
			);
			path = Other;
			sourceTree = "<group>";
		};
/* End PBXGroup section */

/* Begin PBXNativeTarget section */
		6B1983E62354BB5F007E2FDC /* Polygons */ = {
			isa = PBXNativeTarget;
			buildConfigurationList = 6B1983F92354BB60007E2FDC /* Build configuration list for PBXNativeTarget "Polygons" */;
			buildPhases = (
				6B1983E32354BB5F007E2FDC /* Sources */,
				6B1983E42354BB5F007E2FDC /* Frameworks */,
				6B1983E52354BB5F007E2FDC /* Resources */,
			);
			buildRules = (
			);
			dependencies = (
			);
			name = Polygons;
			productName = Polygons;
			productReference = 6B1983E72354BB5F007E2FDC /* Polygons.app */;
			productType = "com.apple.product-type.application";
		};
/* End PBXNativeTarget section */

/* Begin PBXProject section */
		6B1983DF2354BB5E007E2FDC /* Project object */ = {
			isa = PBXProject;
			attributes = {
				LastSwiftUpdateCheck = 1030;
				LastUpgradeCheck = 1030;
				ORGANIZATIONNAME = "Krzysztof Lech";
				TargetAttributes = {
					6B1983E62354BB5F007E2FDC = {
						CreatedOnToolsVersion = 10.3;
					};
				};
			};
			buildConfigurationList = 6B1983E22354BB5E007E2FDC /* Build configuration list for PBXProject "Polygons" */;
			compatibilityVersion = "Xcode 9.3";
			developmentRegion = en;
			hasScannedForEncodings = 0;
			knownRegions = (
				en,
				Base,
			);
			mainGroup = 6B1983DE2354BB5E007E2FDC;
			productRefGroup = 6B1983E82354BB5F007E2FDC /* Products */;
			projectDirPath = "";
			projectRoot = "";
			targets = (
				6B1983E62354BB5F007E2FDC /* Polygons */,
			);
		};
/* End PBXProject section */

/* Begin PBXResourcesBuildPhase section */
		6B1983E52354BB5F007E2FDC /* Resources */ = {
			isa = PBXResourcesBuildPhase;
			buildActionMask = 2147483647;
			files = (
				6B78F2452354BFD200401CC9 /* LaunchScreen.storyboard in Resources */,
				6B78F2472354CA5A00401CC9 /* Colors.xcassets in Resources */,
				6BDF526F235633B90088DA32 /* PolygonCell.xib in Resources */,
				6B5A874C23550584007E41F3 /* ListViewController.xib in Resources */,
				6B1983F22354BB60007E2FDC /* Assets.xcassets in Resources */,
				6B78F2322354BEF700401CC9 /* StartViewController.xib in Resources */,
			);
			runOnlyForDeploymentPostprocessing = 0;
		};
/* End PBXResourcesBuildPhase section */

/* Begin PBXSourcesBuildPhase section */
		6B1983E32354BB5F007E2FDC /* Sources */ = {
			isa = PBXSourcesBuildPhase;
			buildActionMask = 2147483647;
			files = (
				6BDF526E235633B90088DA32 /* PolygonCell.swift in Sources */,
				6B1983EB2354BB5F007E2FDC /* AppDelegate.swift in Sources */,
				6B78F2422354BF5100401CC9 /* UITableView+extensions.swift in Sources */,
				6B78F23F2354BF5100401CC9 /* UIViewController+extensions.swift in Sources */,
				6B78F2492354CD1B00401CC9 /* Colors.swift in Sources */,
				6B3BC8F72354EBCA00490A3E /* AddPersonButton.swift in Sources */,
				6B5A874B23550584007E41F3 /* ListViewController.swift in Sources */,
				6B78F2412354BF5100401CC9 /* CollectionView+extensions.swift in Sources */,
				6B78F2402354BF5100401CC9 /* UIView+extensions.swift in Sources */,
				6B78F2332354BEF700401CC9 /* StartViewController.swift in Sources */,
			);
			runOnlyForDeploymentPostprocessing = 0;
		};
/* End PBXSourcesBuildPhase section */

/* Begin XCBuildConfiguration section */
		6B1983F72354BB60007E2FDC /* Debug */ = {
			isa = XCBuildConfiguration;
			buildSettings = {
				ALWAYS_SEARCH_USER_PATHS = NO;
				CLANG_ANALYZER_NONNULL = YES;
				CLANG_ANALYZER_NUMBER_OBJECT_CONVERSION = YES_AGGRESSIVE;
				CLANG_CXX_LANGUAGE_STANDARD = "gnu++14";
				CLANG_CXX_LIBRARY = "libc++";
				CLANG_ENABLE_MODULES = YES;
				CLANG_ENABLE_OBJC_ARC = YES;
				CLANG_ENABLE_OBJC_WEAK = YES;
				CLANG_WARN_BLOCK_CAPTURE_AUTORELEASING = YES;
				CLANG_WARN_BOOL_CONVERSION = YES;
				CLANG_WARN_COMMA = YES;
				CLANG_WARN_CONSTANT_CONVERSION = YES;
				CLANG_WARN_DEPRECATED_OBJC_IMPLEMENTATIONS = YES;
				CLANG_WARN_DIRECT_OBJC_ISA_USAGE = YES_ERROR;
				CLANG_WARN_DOCUMENTATION_COMMENTS = YES;
				CLANG_WARN_EMPTY_BODY = YES;
				CLANG_WARN_ENUM_CONVERSION = YES;
				CLANG_WARN_INFINITE_RECURSION = YES;
				CLANG_WARN_INT_CONVERSION = YES;
				CLANG_WARN_NON_LITERAL_NULL_CONVERSION = YES;
				CLANG_WARN_OBJC_IMPLICIT_RETAIN_SELF = YES;
				CLANG_WARN_OBJC_LITERAL_CONVERSION = YES;
				CLANG_WARN_OBJC_ROOT_CLASS = YES_ERROR;
				CLANG_WARN_RANGE_LOOP_ANALYSIS = YES;
				CLANG_WARN_STRICT_PROTOTYPES = YES;
				CLANG_WARN_SUSPICIOUS_MOVE = YES;
				CLANG_WARN_UNGUARDED_AVAILABILITY = YES_AGGRESSIVE;
				CLANG_WARN_UNREACHABLE_CODE = YES;
				CLANG_WARN__DUPLICATE_METHOD_MATCH = YES;
				CODE_SIGN_IDENTITY = "iPhone Developer";
				COPY_PHASE_STRIP = NO;
				DEBUG_INFORMATION_FORMAT = dwarf;
				ENABLE_STRICT_OBJC_MSGSEND = YES;
				ENABLE_TESTABILITY = YES;
				GCC_C_LANGUAGE_STANDARD = gnu11;
				GCC_DYNAMIC_NO_PIC = NO;
				GCC_NO_COMMON_BLOCKS = YES;
				GCC_OPTIMIZATION_LEVEL = 0;
				GCC_PREPROCESSOR_DEFINITIONS = (
					"DEBUG=1",
					"$(inherited)",
				);
				GCC_WARN_64_TO_32_BIT_CONVERSION = YES;
				GCC_WARN_ABOUT_RETURN_TYPE = YES_ERROR;
				GCC_WARN_UNDECLARED_SELECTOR = YES;
				GCC_WARN_UNINITIALIZED_AUTOS = YES_AGGRESSIVE;
				GCC_WARN_UNUSED_FUNCTION = YES;
				GCC_WARN_UNUSED_VARIABLE = YES;
				IPHONEOS_DEPLOYMENT_TARGET = 12.4;
				MTL_ENABLE_DEBUG_INFO = INCLUDE_SOURCE;
				MTL_FAST_MATH = YES;
				ONLY_ACTIVE_ARCH = YES;
				SDKROOT = iphoneos;
				SWIFT_ACTIVE_COMPILATION_CONDITIONS = DEBUG;
				SWIFT_OPTIMIZATION_LEVEL = "-Onone";
			};
			name = Debug;
		};
		6B1983F82354BB60007E2FDC /* Release */ = {
			isa = XCBuildConfiguration;
			buildSettings = {
				ALWAYS_SEARCH_USER_PATHS = NO;
				CLANG_ANALYZER_NONNULL = YES;
				CLANG_ANALYZER_NUMBER_OBJECT_CONVERSION = YES_AGGRESSIVE;
				CLANG_CXX_LANGUAGE_STANDARD = "gnu++14";
				CLANG_CXX_LIBRARY = "libc++";
				CLANG_ENABLE_MODULES = YES;
				CLANG_ENABLE_OBJC_ARC = YES;
				CLANG_ENABLE_OBJC_WEAK = YES;
				CLANG_WARN_BLOCK_CAPTURE_AUTORELEASING = YES;
				CLANG_WARN_BOOL_CONVERSION = YES;
				CLANG_WARN_COMMA = YES;
				CLANG_WARN_CONSTANT_CONVERSION = YES;
				CLANG_WARN_DEPRECATED_OBJC_IMPLEMENTATIONS = YES;
				CLANG_WARN_DIRECT_OBJC_ISA_USAGE = YES_ERROR;
				CLANG_WARN_DOCUMENTATION_COMMENTS = YES;
				CLANG_WARN_EMPTY_BODY = YES;
				CLANG_WARN_ENUM_CONVERSION = YES;
				CLANG_WARN_INFINITE_RECURSION = YES;
				CLANG_WARN_INT_CONVERSION = YES;
				CLANG_WARN_NON_LITERAL_NULL_CONVERSION = YES;
				CLANG_WARN_OBJC_IMPLICIT_RETAIN_SELF = YES;
				CLANG_WARN_OBJC_LITERAL_CONVERSION = YES;
				CLANG_WARN_OBJC_ROOT_CLASS = YES_ERROR;
				CLANG_WARN_RANGE_LOOP_ANALYSIS = YES;
				CLANG_WARN_STRICT_PROTOTYPES = YES;
				CLANG_WARN_SUSPICIOUS_MOVE = YES;
				CLANG_WARN_UNGUARDED_AVAILABILITY = YES_AGGRESSIVE;
				CLANG_WARN_UNREACHABLE_CODE = YES;
				CLANG_WARN__DUPLICATE_METHOD_MATCH = YES;
				CODE_SIGN_IDENTITY = "iPhone Developer";
				COPY_PHASE_STRIP = NO;
				DEBUG_INFORMATION_FORMAT = "dwarf-with-dsym";
				ENABLE_NS_ASSERTIONS = NO;
				ENABLE_STRICT_OBJC_MSGSEND = YES;
				GCC_C_LANGUAGE_STANDARD = gnu11;
				GCC_NO_COMMON_BLOCKS = YES;
				GCC_WARN_64_TO_32_BIT_CONVERSION = YES;
				GCC_WARN_ABOUT_RETURN_TYPE = YES_ERROR;
				GCC_WARN_UNDECLARED_SELECTOR = YES;
				GCC_WARN_UNINITIALIZED_AUTOS = YES_AGGRESSIVE;
				GCC_WARN_UNUSED_FUNCTION = YES;
				GCC_WARN_UNUSED_VARIABLE = YES;
				IPHONEOS_DEPLOYMENT_TARGET = 12.4;
				MTL_ENABLE_DEBUG_INFO = NO;
				MTL_FAST_MATH = YES;
				SDKROOT = iphoneos;
				SWIFT_COMPILATION_MODE = wholemodule;
				SWIFT_OPTIMIZATION_LEVEL = "-O";
				VALIDATE_PRODUCT = YES;
			};
			name = Release;
		};
		6B1983FA2354BB60007E2FDC /* Debug */ = {
			isa = XCBuildConfiguration;
			buildSettings = {
				ASSETCATALOG_COMPILER_APPICON_NAME = AppIcon;
				CODE_SIGN_STYLE = Automatic;
				DEVELOPMENT_TEAM = 2UGBQYC9Y9;
				INFOPLIST_FILE = Polygons/Info.plist;
				LD_RUNPATH_SEARCH_PATHS = (
					"$(inherited)",
					"@executable_path/Frameworks",
				);
				PRODUCT_BUNDLE_IDENTIFIER = kl.24abc.pl.Polygons;
				PRODUCT_NAME = "$(TARGET_NAME)";
				SWIFT_VERSION = 5.0;
				TARGETED_DEVICE_FAMILY = 1;
			};
			name = Debug;
		};
		6B1983FB2354BB60007E2FDC /* Release */ = {
			isa = XCBuildConfiguration;
			buildSettings = {
				ASSETCATALOG_COMPILER_APPICON_NAME = AppIcon;
				CODE_SIGN_STYLE = Automatic;
				DEVELOPMENT_TEAM = 2UGBQYC9Y9;
				INFOPLIST_FILE = Polygons/Info.plist;
				LD_RUNPATH_SEARCH_PATHS = (
					"$(inherited)",
					"@executable_path/Frameworks",
				);
				PRODUCT_BUNDLE_IDENTIFIER = kl.24abc.pl.Polygons;
				PRODUCT_NAME = "$(TARGET_NAME)";
				SWIFT_VERSION = 5.0;
				TARGETED_DEVICE_FAMILY = 1;
			};
			name = Release;
		};
/* End XCBuildConfiguration section */

/* Begin XCConfigurationList section */
		6B1983E22354BB5E007E2FDC /* Build configuration list for PBXProject "Polygons" */ = {
			isa = XCConfigurationList;
			buildConfigurations = (
				6B1983F72354BB60007E2FDC /* Debug */,
				6B1983F82354BB60007E2FDC /* Release */,
			);
			defaultConfigurationIsVisible = 0;
			defaultConfigurationName = Release;
		};
		6B1983F92354BB60007E2FDC /* Build configuration list for PBXNativeTarget "Polygons" */ = {
			isa = XCConfigurationList;
			buildConfigurations = (
				6B1983FA2354BB60007E2FDC /* Debug */,
				6B1983FB2354BB60007E2FDC /* Release */,
			);
			defaultConfigurationIsVisible = 0;
			defaultConfigurationName = Release;
		};
/* End XCConfigurationList section */
	};
	rootObject = 6B1983DF2354BB5E007E2FDC /* Project object */;
}
